{
  "name": "lr2oraja-endlessdream-rian",
  "lockfileVersion": 3,
  "requires": true,
  "packages": {
    "": {
      "devDependencies": {
        "antigravity-global-agents": "github:kassyi/antigravity-global-agents#main"
      }
    },
    "node_modules/antigravity-global-agents": {
      "version": "1.0.0",
      "resolved": "git+ssh://git@github.com/kassyi/antigravity-global-agents.git#ef4682b3c35b6f714997c4b0f46a36ca7ffade24",
      "dev": true,
      "bin": {
        "antigravity-global-agents": "bin/setup.js",
        "build-prompt": "bin/build-prompt.js"
      }
    }
  }
}
