{
  "name": "lr2oraja-endlessdream-rian",
  "lockfileVersion": 3,
  "requires": true,
  "packages": {
    "": {
      "devDependencies": {
        "antigravity-global-agents": "github:kassyi/antigravity-global-agents#main"
      }
    },
    "node_modules/antigravity-global-agents": {
      "version": "1.0.0",
      "resolved": "git+ssh://git@github.com/kassyi/antigravity-global-agents.git#6d4a54b7fc92aaa828b517fdff73021e572e9a08",
      "dev": true,
      "bin": {
        "antigravity-global-agents": "bin/setup.js",
        "build-prompt": "bin/build-prompt.js",
        "check-meta-scan": "bin/check-meta-scan.js",
        "extract-issues": "bin/extract-issues.js",
        "merge-code-reviews": "bin/merge-code-reviews.js"
      }
    }
  }
}
